// !$*UTF8*$!
{
	archiveVersion = 1;
	classes = {
	};
	objectVersion = 50;
	objects = {

/* Begin PBXBuildFile section */
		5ADC02B3246A7B2300F8FAE7 /* AppDelegate.swift in Sources */ = {isa = PBXBuildFile; fileRef = 5ADC02B2246A7B2300F8FAE7 /* AppDelegate.swift */; };
		5ADC02B5246A7B2300F8FAE7 /* SceneDelegate.swift in Sources */ = {isa = PBXBuildFile; fileRef = 5ADC02B4246A7B2300F8FAE7 /* SceneDelegate.swift */; };
		5ADC02B7246A7B2300F8FAE7 /* ContentView.swift in Sources */ = {isa = PBXBuildFile; fileRef = 5ADC02B6246A7B2300F8FAE7 /* ContentView.swift */; };
		5ADC02B9246A7B2400F8FAE7 /* Assets.xcassets in Resources */ = {isa = PBXBuildFile; fileRef = 5ADC02B8246A7B2400F8FAE7 /* Assets.xcassets */; };
		5ADC02BC246A7B2400F8FAE7 /* Preview Assets.xcassets in Resources */ = {isa = PBXBuildFile; fileRef = 5ADC02BB246A7B2400F8FAE7 /* Preview Assets.xcassets */; };
		5ADC02BF246A7B2400F8FAE7 /* LaunchScreen.storyboard in Resources */ = {isa = PBXBuildFile; fileRef = 5ADC02BD246A7B2400F8FAE7 /* LaunchScreen.storyboard */; };
		5ADC02C9246A7B4E00F8FAE7 /* ButtonView.swift in Sources */ = {isa = PBXBuildFile; fileRef = 5ADC02C6246A7B4E00F8FAE7 /* ButtonView.swift */; };
		5ADC02CA246A7B4E00F8FAE7 /* CalcBrain.swift in Sources */ = {isa = PBXBuildFile; fileRef = 5ADC02C7246A7B4E00F8FAE7 /* CalcBrain.swift */; };
		5ADC02CB246A7B4E00F8FAE7 /* ButtonItem.swift in Sources */ = {isa = PBXBuildFile; fileRef = 5ADC02C8246A7B4E00F8FAE7 /* ButtonItem.swift */; };
/* End PBXBuildFile section */

/* Begin PBXFileReference section */
		5ADC02AF246A7B2300F8FAE7 /* Calculator.app */ = {isa = PBXFileReference; explicitFileType = wrapper.application; includeInIndex = 0; path = Calculator.app; sourceTree = BUILT_PRODUCTS_DIR; };
		5ADC02B2246A7B2300F8FAE7 /* AppDelegate.swift */ = {isa = PBXFileReference; lastKnownFileType = sourcecode.swift; path = AppDelegate.swift; sourceTree = "<group>"; };
		5ADC02B4246A7B2300F8FAE7 /* SceneDelegate.swift */ = {isa = PBXFileReference; lastKnownFileType = sourcecode.swift; path = SceneDelegate.swift; sourceTree = "<group>"; };
		5ADC02B6246A7B2300F8FAE7 /* ContentView.swift */ = {isa = PBXFileReference; lastKnownFileType = sourcecode.swift; path = ContentView.swift; sourceTree = "<group>"; };
		5ADC02B8246A7B2400F8FAE7 /* Assets.xcassets */ = {isa = PBXFileReference; lastKnownFileType = folder.assetcatalog; path = Assets.xcassets; sourceTree = "<group>"; };
		5ADC02BB246A7B2400F8FAE7 /* Preview Assets.xcassets */ = {isa = PBXFileReference; lastKnownFileType = folder.assetcatalog; path = "Preview Assets.xcassets"; sourceTree = "<group>"; };
		5ADC02BE246A7B2400F8FAE7 /* Base */ = {isa = PBXFileReference; lastKnownFileType = file.storyboard; name = Base; path = Base.lproj/LaunchScreen.storyboard; sourceTree = "<group>"; };
		5ADC02C0246A7B2400F8FAE7 /* Info.plist */ = {isa = PBXFileReference; lastKnownFileType = text.plist.xml; path = Info.plist; sourceTree = "<group>"; };
		5ADC02C6246A7B4E00F8FAE7 /* ButtonView.swift */ = {isa = PBXFileReference; fileEncoding = 4; lastKnownFileType = sourcecode.swift; path = ButtonView.swift; sourceTree = "<group>"; };
		5ADC02C7246A7B4E00F8FAE7 /* CalcBrain.swift */ = {isa = PBXFileReference; fileEncoding = 4; lastKnownFileType = sourcecode.swift; path = CalcBrain.swift; sourceTree = "<group>"; };
		5ADC02C8246A7B4E00F8FAE7 /* ButtonItem.swift */ = {isa = PBXFileReference; fileEncoding = 4; lastKnownFileType = sourcecode.swift; path = ButtonItem.swift; sourceTree = "<group>"; };
/* End PBXFileReference section */

/* Begin PBXFrameworksBuildPhase section */
		5ADC02AC246A7B2300F8FAE7 /* Frameworks */ = {
			isa = PBXFrameworksBuildPhase;
			buildActionMask = 2147483647;
			files = (
			);
			runOnlyForDeploymentPostprocessing = 0;
		};
/* End PBXFrameworksBuildPhase section */

/* Begin PBXGroup section */
		5ADC02A6246A7B2300F8FAE7 = {
			isa = PBXGroup;
			children = (
				5ADC02B1246A7B2300F8FAE7 /* Calculator */,
				5ADC02B0246A7B2300F8FAE7 /* Products */,
			);
			sourceTree = "<group>";
		};
		5ADC02B0246A7B2300F8FAE7 /* Products */ = {
			isa = PBXGroup;
			children = (
				5ADC02AF246A7B2300F8FAE7 /* Calculator.app */,
			);
			name = Products;
			sourceTree = "<group>";
		};
		5ADC02B1246A7B2300F8FAE7 /* Calculator */ = {
			isa = PBXGroup;
			children = (
				5ADC02B2246A7B2300F8FAE7 /* AppDelegate.swift */,
				5ADC02B4246A7B2300F8FAE7 /* SceneDelegate.swift */,
				5ADC02B6246A7B2300F8FAE7 /* ContentView.swift */,
				5ADC02B8246A7B2400F8FAE7 /* Assets.xcassets */,
				5ADC02BD246A7B2400F8FAE7 /* LaunchScreen.storyboard */,
				5ADC02C0246A7B2400F8FAE7 /* Info.plist */,
				5ADC02C8246A7B4E00F8FAE7 /* ButtonItem.swift */,
				5ADC02C6246A7B4E00F8FAE7 /* ButtonView.swift */,
				5ADC02C7246A7B4E00F8FAE7 /* CalcBrain.swift */,
				5ADC02BA246A7B2400F8FAE7 /* Preview Content */,
			);
			path = Calculator;
			sourceTree = "<group>";
		};
		5ADC02BA246A7B2400F8FAE7 /* Preview Content */ = {
			isa = PBXGroup;
			children = (
				5ADC02BB246A7B2400F8FAE7 /* Preview Assets.xcassets */,
			);
			path = "Preview Content";
			sourceTree = "<group>";
		};
/* End PBXGroup section */

/* Begin PBXNativeTarget section */
		5ADC02AE246A7B2300F8FAE7 /* Calculator */ = {
			isa = PBXNativeTarget;
			buildConfigurationList = 5ADC02C3246A7B2400F8FAE7 /* Build configuration list for PBXNativeTarget "Calculator" */;
			buildPhases = (
				5ADC02AB246A7B2300F8FAE7 /* Sources */,
				5ADC02AC246A7B2300F8FAE7 /* Frameworks */,
				5ADC02AD246A7B2300F8FAE7 /* Resources */,
			);
			buildRules = (
			);
			dependencies = (
			);
			name = Calculator;
			productName = Calculator;
			productReference = 5ADC02AF246A7B2300F8FAE7 /* Calculator.app */;
			productType = "com.apple.product-type.application";
		};
/* End PBXNativeTarget section */

/* Begin PBXProject section */
		5ADC02A7246A7B2300F8FAE7 /* Project object */ = {
			isa = PBXProject;
			attributes = {
				LastSwiftUpdateCheck = 1130;
				LastUpgradeCheck = 1130;
				ORGANIZATIONNAME = laoliu;
				TargetAttributes = {
					5ADC02AE246A7B2300F8FAE7 = {
						CreatedOnToolsVersion = 11.3;
					};
				};
			};
			buildConfigurationList = 5ADC02AA246A7B2300F8FAE7 /* Build configuration list for PBXProject "Calculator" */;
			compatibilityVersion = "Xcode 9.3";
			developmentRegion = en;
			hasScannedForEncodings = 0;
			knownRegions = (
				en,
				Base,
			);
			mainGroup = 5ADC02A6246A7B2300F8FAE7;
			productRefGroup = 5ADC02B0246A7B2300F8FAE7 /* Products */;
			projectDirPath = "";
			projectRoot = "";
			targets = (
				5ADC02AE246A7B2300F8FAE7 /* Calculator */,
			);
		};
/* End PBXProject section */

/* Begin PBXResourcesBuildPhase section */
		5ADC02AD246A7B2300F8FAE7 /* Resources */ = {
			isa = PBXResourcesBuildPhase;
			buildActionMask = 2147483647;
			files = (
				5ADC02BF246A7B2400F8FAE7 /* LaunchScreen.storyboard in Resources */,
				5ADC02BC246A7B2400F8FAE7 /* Preview Assets.xcassets in Resources */,
				5ADC02B9246A7B2400F8FAE7 /* Assets.xcassets in Resources */,
			);
			runOnlyForDeploymentPostprocessing = 0;
		};
/* End PBXResourcesBuildPhase section */

/* Begin PBXSourcesBuildPhase section */
		5ADC02AB246A7B2300F8FAE7 /* Sources */ = {
			isa = PBXSourcesBuildPhase;
			buildActionMask = 2147483647;
			files = (
				5ADC02CA246A7B4E00F8FAE7 /* CalcBrain.swift in Sources */,
				5ADC02B3246A7B2300F8FAE7 /* AppDelegate.swift in Sources */,
				5ADC02B5246A7B2300F8FAE7 /* SceneDelegate.swift in Sources */,
				5ADC02C9246A7B4E00F8FAE7 /* ButtonView.swift in Sources */,
				5ADC02CB246A7B4E00F8FAE7 /* ButtonItem.swift in Sources */,
				5ADC02B7246A7B2300F8FAE7 /* ContentView.swift in Sources */,
			);
			runOnlyForDeploymentPostprocessing = 0;
		};
/* End PBXSourcesBuildPhase section */

/* Begin PBXVariantGroup section */
		5ADC02BD246A7B2400F8FAE7 /* LaunchScreen.storyboard */ = {
			isa = PBXVariantGroup;
			children = (
				5ADC02BE246A7B2400F8FAE7 /* Base */,
			);
			name = LaunchScreen.storyboard;
			sourceTree = "<group>";
		};
/* End PBXVariantGroup section */

/* Begin XCBuildConfiguration section */
		5ADC02C1246A7B2400F8FAE7 /* Debug */ = {
			isa = XCBuildConfiguration;
			buildSettings = {
				ALWAYS_SEARCH_USER_PATHS = NO;
				CLANG_ANALYZER_NONNULL = YES;
				CLANG_ANALYZER_NUMBER_OBJECT_CONVERSION = YES_AGGRESSIVE;
				CLANG_CXX_LANGUAGE_STANDARD = "gnu++14";
				CLANG_CXX_LIBRARY = "libc++";
				CLANG_ENABLE_MODULES = YES;
				CLANG_ENABLE_OBJC_ARC = YES;
				CLANG_ENABLE_OBJC_WEAK = YES;
				CLANG_WARN_BLOCK_CAPTURE_AUTORELEASING = YES;
				CLANG_WARN_BOOL_CONVERSION = YES;
				CLANG_WARN_COMMA = YES;
				CLANG_WARN_CONSTANT_CONVERSION = YES;
				CLANG_WARN_DEPRECATED_OBJC_IMPLEMENTATIONS = YES;
				CLANG_WARN_DIRECT_OBJC_ISA_USAGE = YES_ERROR;
				CLANG_WARN_DOCUMENTATION_COMMENTS = YES;
				CLANG_WARN_EMPTY_BODY = YES;
				CLANG_WARN_ENUM_CONVERSION = YES;
				CLANG_WARN_INFINITE_RECURSION = YES;
				CLANG_WARN_INT_CONVERSION = YES;
				CLANG_WARN_NON_LITERAL_NULL_CONVERSION = YES;
				CLANG_WARN_OBJC_IMPLICIT_RETAIN_SELF = YES;
				CLANG_WARN_OBJC_LITERAL_CONVERSION = YES;
				CLANG_WARN_OBJC_ROOT_CLASS = YES_ERROR;
				CLANG_WARN_RANGE_LOOP_ANALYSIS = YES;
				CLANG_WARN_STRICT_PROTOTYPES = YES;
				CLANG_WARN_SUSPICIOUS_MOVE = YES;
				CLANG_WARN_UNGUARDED_AVAILABILITY = YES_AGGRESSIVE;
				CLANG_WARN_UNREACHABLE_CODE = YES;
				CLANG_WARN__DUPLICATE_METHOD_MATCH = YES;
				COPY_PHASE_STRIP = NO;
				DEBUG_INFORMATION_FORMAT = dwarf;
				ENABLE_STRICT_OBJC_MSGSEND = YES;
				ENABLE_TESTABILITY = YES;
				GCC_C_LANGUAGE_STANDARD = gnu11;
				GCC_DYNAMIC_NO_PIC = NO;
				GCC_NO_COMMON_BLOCKS = YES;
				GCC_OPTIMIZATION_LEVEL = 0;
				GCC_PREPROCESSOR_DEFINITIONS = (
					"DEBUG=1",
					"$(inherited)",
				);
				GCC_WARN_64_TO_32_BIT_CONVERSION = YES;
				GCC_WARN_ABOUT_RETURN_TYPE = YES_ERROR;
				GCC_WARN_UNDECLARED_SELECTOR = YES;
				GCC_WARN_UNINITIALIZED_AUTOS = YES_AGGRESSIVE;
				GCC_WARN_UNUSED_FUNCTION = YES;
				GCC_WARN_UNUSED_VARIABLE = YES;
				IPHONEOS_DEPLOYMENT_TARGET = 13.2;
				MTL_ENABLE_DEBUG_INFO = INCLUDE_SOURCE;
				MTL_FAST_MATH = YES;
				ONLY_ACTIVE_ARCH = YES;
				SDKROOT = iphoneos;
				SWIFT_ACTIVE_COMPILATION_CONDITIONS = DEBUG;
				SWIFT_OPTIMIZATION_LEVEL = "-Onone";
			};
			name = Debug;
		};
		5ADC02C2246A7B2400F8FAE7 /* Release */ = {
			isa = XCBuildConfiguration;
			buildSettings = {
				ALWAYS_SEARCH_USER_PATHS = NO;
				CLANG_ANALYZER_NONNULL = YES;
				CLANG_ANALYZER_NUMBER_OBJECT_CONVERSION = YES_AGGRESSIVE;
				CLANG_CXX_LANGUAGE_STANDARD = "gnu++14";
				CLANG_CXX_LIBRARY = "libc++";
				CLANG_ENABLE_MODULES = YES;
				CLANG_ENABLE_OBJC_ARC = YES;
				CLANG_ENABLE_OBJC_WEAK = YES;
				CLANG_WARN_BLOCK_CAPTURE_AUTORELEASING = YES;
				CLANG_WARN_BOOL_CONVERSION = YES;
				CLANG_WARN_COMMA = YES;
				CLANG_WARN_CONSTANT_CONVERSION = YES;
				CLANG_WARN_DEPRECATED_OBJC_IMPLEMENTATIONS = YES;
				CLANG_WARN_DIRECT_OBJC_ISA_USAGE = YES_ERROR;
				CLANG_WARN_DOCUMENTATION_COMMENTS = YES;
				CLANG_WARN_EMPTY_BODY = YES;
				CLANG_WARN_ENUM_CONVERSION = YES;
				CLANG_WARN_INFINITE_RECURSION = YES;
				CLANG_WARN_INT_CONVERSION = YES;
				CLANG_WARN_NON_LITERAL_NULL_CONVERSION = YES;
				CLANG_WARN_OBJC_IMPLICIT_RETAIN_SELF = YES;
				CLANG_WARN_OBJC_LITERAL_CONVERSION = YES;
				CLANG_WARN_OBJC_ROOT_CLASS = YES_ERROR;
				CLANG_WARN_RANGE_LOOP_ANALYSIS = YES;
				CLANG_WARN_STRICT_PROTOTYPES = YES;
				CLANG_WARN_SUSPICIOUS_MOVE = YES;
				CLANG_WARN_UNGUARDED_AVAILABILITY = YES_AGGRESSIVE;
				CLANG_WARN_UNREACHABLE_CODE = YES;
				CLANG_WARN__DUPLICATE_METHOD_MATCH = YES;
				COPY_PHASE_STRIP = NO;
				DEBUG_INFORMATION_FORMAT = "dwarf-with-dsym";
				ENABLE_NS_ASSERTIONS = NO;
				ENABLE_STRICT_OBJC_MSGSEND = YES;
				GCC_C_LANGUAGE_STANDARD = gnu11;
				GCC_NO_COMMON_BLOCKS = YES;
				GCC_WARN_64_TO_32_BIT_CONVERSION = YES;
				GCC_WARN_ABOUT_RETURN_TYPE = YES_ERROR;
				GCC_WARN_UNDECLARED_SELECTOR = YES;
				GCC_WARN_UNINITIALIZED_AUTOS = YES_AGGRESSIVE;
				GCC_WARN_UNUSED_FUNCTION = YES;
				GCC_WARN_UNUSED_VARIABLE = YES;
				IPHONEOS_DEPLOYMENT_TARGET = 13.2;
				MTL_ENABLE_DEBUG_INFO = NO;
				MTL_FAST_MATH = YES;
				SDKROOT = iphoneos;
				SWIFT_COMPILATION_MODE = wholemodule;
				SWIFT_OPTIMIZATION_LEVEL = "-O";
				VALIDATE_PRODUCT = YES;
			};
			name = Release;
		};
		5ADC02C4246A7B2400F8FAE7 /* Debug */ = {
			isa = XCBuildConfiguration;
			buildSettings = {
				ASSETCATALOG_COMPILER_APPICON_NAME = AppIcon;
				CODE_SIGN_STYLE = Automatic;
				DEVELOPMENT_ASSET_PATHS = "\"Calculator/Preview Content\"";
				DEVELOPMENT_TEAM = 2SKYDGB6X6;
				ENABLE_PREVIEWS = YES;
				INFOPLIST_FILE = Calculator/Info.plist;
				LD_RUNPATH_SEARCH_PATHS = (
					"$(inherited)",
					"@executable_path/Frameworks",
				);
				PRODUCT_BUNDLE_IDENTIFIER = laoliu.Calculator;
				PRODUCT_NAME = "$(TARGET_NAME)";
				SWIFT_VERSION = 5.0;
				TARGETED_DEVICE_FAMILY = "1,2";
			};
			name = Debug;
		};
		5ADC02C5246A7B2400F8FAE7 /* Release */ = {
			isa = XCBuildConfiguration;
			buildSettings = {
				ASSETCATALOG_COMPILER_APPICON_NAME = AppIcon;
				CODE_SIGN_STYLE = Automatic;
				DEVELOPMENT_ASSET_PATHS = "\"Calculator/Preview Content\"";
				DEVELOPMENT_TEAM = 2SKYDGB6X6;
				ENABLE_PREVIEWS = YES;
				INFOPLIST_FILE = Calculator/Info.plist;
				LD_RUNPATH_SEARCH_PATHS = (
					"$(inherited)",
					"@executable_path/Frameworks",
				);
				PRODUCT_BUNDLE_IDENTIFIER = laoliu.Calculator;
				PRODUCT_NAME = "$(TARGET_NAME)";
				SWIFT_VERSION = 5.0;
				TARGETED_DEVICE_FAMILY = "1,2";
			};
			name = Release;
		};
/* End XCBuildConfiguration section */

/* Begin XCConfigurationList section */
		5ADC02AA246A7B2300F8FAE7 /* Build configuration list for PBXProject "Calculator" */ = {
			isa = XCConfigurationList;
			buildConfigurations = (
				5ADC02C1246A7B2400F8FAE7 /* Debug */,
				5ADC02C2246A7B2400F8FAE7 /* Release */,
			);
			defaultConfigurationIsVisible = 0;
			defaultConfigurationName = Release;
		};
		5ADC02C3246A7B2400F8FAE7 /* Build configuration list for PBXNativeTarget "Calculator" */ = {
			isa = XCConfigurationList;
			buildConfigurations = (
				5ADC02C4246A7B2400F8FAE7 /* Debug */,
				5ADC02C5246A7B2400F8FAE7 /* Release */,
			);
			defaultConfigurationIsVisible = 0;
			defaultConfigurationName = Release;
		};
/* End XCConfigurationList section */
	};
	rootObject = 5ADC02A7246A7B2300F8FAE7 /* Project object */;
}
